// !$*UTF8*$!
{
	archiveVersion = 1;
	classes = {
	};
	objectVersion = 56;
	objects = {

/* Begin PBXBuildFile section */
		59AD35F22AA18F040015558C /* testBottomSheetinSwiftUIApp.swift in Sources */ = {isa = PBXBuildFile; fileRef = 59AD35F12AA18F040015558C /* testBottomSheetinSwiftUIApp.swift */; };
		59AD35F42AA18F040015558C /* ContentView.swift in Sources */ = {isa = PBXBuildFile; fileRef = 59AD35F32AA18F040015558C /* ContentView.swift */; };
		59AD35F62AA18F050015558C /* Assets.xcassets in Resources */ = {isa = PBXBuildFile; fileRef = 59AD35F52AA18F050015558C /* Assets.xcassets */; };
		59AD35F92AA18F050015558C /* Preview Assets.xcassets in Resources */ = {isa = PBXBuildFile; fileRef = 59AD35F82AA18F050015558C /* Preview Assets.xcassets */; };
		59AD36032AA18F050015558C /* testBottomSheetinSwiftUITests.swift in Sources */ = {isa = PBXBuildFile; fileRef = 59AD36022AA18F050015558C /* testBottomSheetinSwiftUITests.swift */; };
		59AD360D2AA18F050015558C /* testBottomSheetinSwiftUIUITests.swift in Sources */ = {isa = PBXBuildFile; fileRef = 59AD360C2AA18F050015558C /* testBottomSheetinSwiftUIUITests.swift */; };
		59AD360F2AA18F050015558C /* testBottomSheetinSwiftUIUITestsLaunchTests.swift in Sources */ = {isa = PBXBuildFile; fileRef = 59AD360E2AA18F050015558C /* testBottomSheetinSwiftUIUITestsLaunchTests.swift */; };
/* End PBXBuildFile section */

/* Begin PBXContainerItemProxy section */
		59AD35FF2AA18F050015558C /* PBXContainerItemProxy */ = {
			isa = PBXContainerItemProxy;
			containerPortal = 59AD35E62AA18F040015558C /* Project object */;
			proxyType = 1;
			remoteGlobalIDString = 59AD35ED2AA18F040015558C;
			remoteInfo = testBottomSheetinSwiftUI;
		};
		59AD36092AA18F050015558C /* PBXContainerItemProxy */ = {
			isa = PBXContainerItemProxy;
			containerPortal = 59AD35E62AA18F040015558C /* Project object */;
			proxyType = 1;
			remoteGlobalIDString = 59AD35ED2AA18F040015558C;
			remoteInfo = testBottomSheetinSwiftUI;
		};
/* End PBXContainerItemProxy section */

/* Begin PBXFileReference section */
		59AD35EE2AA18F040015558C /* testBottomSheetinSwiftUI.app */ = {isa = PBXFileReference; explicitFileType = wrapper.application; includeInIndex = 0; path = testBottomSheetinSwiftUI.app; sourceTree = BUILT_PRODUCTS_DIR; };
		59AD35F12AA18F040015558C /* testBottomSheetinSwiftUIApp.swift */ = {isa = PBXFileReference; lastKnownFileType = sourcecode.swift; path = testBottomSheetinSwiftUIApp.swift; sourceTree = "<group>"; };
		59AD35F32AA18F040015558C /* ContentView.swift */ = {isa = PBXFileReference; lastKnownFileType = sourcecode.swift; path = ContentView.swift; sourceTree = "<group>"; };
		59AD35F52AA18F050015558C /* Assets.xcassets */ = {isa = PBXFileReference; lastKnownFileType = folder.assetcatalog; path = Assets.xcassets; sourceTree = "<group>"; };
		59AD35F82AA18F050015558C /* Preview Assets.xcassets */ = {isa = PBXFileReference; lastKnownFileType = folder.assetcatalog; path = "Preview Assets.xcassets"; sourceTree = "<group>"; };
		59AD35FE2AA18F050015558C /* testBottomSheetinSwiftUITests.xctest */ = {isa = PBXFileReference; explicitFileType = wrapper.cfbundle; includeInIndex = 0; path = testBottomSheetinSwiftUITests.xctest; sourceTree = BUILT_PRODUCTS_DIR; };
		59AD36022AA18F050015558C /* testBottomSheetinSwiftUITests.swift */ = {isa = PBXFileReference; lastKnownFileType = sourcecode.swift; path = testBottomSheetinSwiftUITests.swift; sourceTree = "<group>"; };
		59AD36082AA18F050015558C /* testBottomSheetinSwiftUIUITests.xctest */ = {isa = PBXFileReference; explicitFileType = wrapper.cfbundle; includeInIndex = 0; path = testBottomSheetinSwiftUIUITests.xctest; sourceTree = BUILT_PRODUCTS_DIR; };
		59AD360C2AA18F050015558C /* testBottomSheetinSwiftUIUITests.swift */ = {isa = PBXFileReference; lastKnownFileType = sourcecode.swift; path = testBottomSheetinSwiftUIUITests.swift; sourceTree = "<group>"; };
		59AD360E2AA18F050015558C /* testBottomSheetinSwiftUIUITestsLaunchTests.swift */ = {isa = PBXFileReference; lastKnownFileType = sourcecode.swift; path = testBottomSheetinSwiftUIUITestsLaunchTests.swift; sourceTree = "<group>"; };
/* End PBXFileReference section */

/* Begin PBXFrameworksBuildPhase section */
		59AD35EB2AA18F040015558C /* Frameworks */ = {
			isa = PBXFrameworksBuildPhase;
			buildActionMask = 2147483647;
			files = (
			);
			runOnlyForDeploymentPostprocessing = 0;
		};
		59AD35FB2AA18F050015558C /* Frameworks */ = {
			isa = PBXFrameworksBuildPhase;
			buildActionMask = 2147483647;
			files = (
			);
			runOnlyForDeploymentPostprocessing = 0;
		};
		59AD36052AA18F050015558C /* Frameworks */ = {
			isa = PBXFrameworksBuildPhase;
			buildActionMask = 2147483647;
			files = (
			);
			runOnlyForDeploymentPostprocessing = 0;
		};
/* End PBXFrameworksBuildPhase section */

/* Begin PBXGroup section */
		59AD35E52AA18F040015558C = {
			isa = PBXGroup;
			children = (
				59AD35F02AA18F040015558C /* testBottomSheetinSwiftUI */,
				59AD36012AA18F050015558C /* testBottomSheetinSwiftUITests */,
				59AD360B2AA18F050015558C /* testBottomSheetinSwiftUIUITests */,
				59AD35EF2AA18F040015558C /* Products */,
			);
			sourceTree = "<group>";
		};
		59AD35EF2AA18F040015558C /* Products */ = {
			isa = PBXGroup;
			children = (
				59AD35EE2AA18F040015558C /* testBottomSheetinSwiftUI.app */,
				59AD35FE2AA18F050015558C /* testBottomSheetinSwiftUITests.xctest */,
				59AD36082AA18F050015558C /* testBottomSheetinSwiftUIUITests.xctest */,
			);
			name = Products;
			sourceTree = "<group>";
		};
		59AD35F02AA18F040015558C /* testBottomSheetinSwiftUI */ = {
			isa = PBXGroup;
			children = (
				59AD35F12AA18F040015558C /* testBottomSheetinSwiftUIApp.swift */,
				59AD35F32AA18F040015558C /* ContentView.swift */,
				59AD35F52AA18F050015558C /* Assets.xcassets */,
				59AD35F72AA18F050015558C /* Preview Content */,
			);
			path = testBottomSheetinSwiftUI;
			sourceTree = "<group>";
		};
		59AD35F72AA18F050015558C /* Preview Content */ = {
			isa = PBXGroup;
			children = (
				59AD35F82AA18F050015558C /* Preview Assets.xcassets */,
			);
			path = "Preview Content";
			sourceTree = "<group>";
		};
		59AD36012AA18F050015558C /* testBottomSheetinSwiftUITests */ = {
			isa = PBXGroup;
			children = (
				59AD36022AA18F050015558C /* testBottomSheetinSwiftUITests.swift */,
			);
			path = testBottomSheetinSwiftUITests;
			sourceTree = "<group>";
		};
		59AD360B2AA18F050015558C /* testBottomSheetinSwiftUIUITests */ = {
			isa = PBXGroup;
			children = (
				59AD360C2AA18F050015558C /* testBottomSheetinSwiftUIUITests.swift */,
				59AD360E2AA18F050015558C /* testBottomSheetinSwiftUIUITestsLaunchTests.swift */,
			);
			path = testBottomSheetinSwiftUIUITests;
			sourceTree = "<group>";
		};
/* End PBXGroup section */

/* Begin PBXNativeTarget section */
		59AD35ED2AA18F040015558C /* testBottomSheetinSwiftUI */ = {
			isa = PBXNativeTarget;
			buildConfigurationList = 59AD36122AA18F050015558C /* Build configuration list for PBXNativeTarget "testBottomSheetinSwiftUI" */;
			buildPhases = (
				59AD35EA2AA18F040015558C /* Sources */,
				59AD35EB2AA18F040015558C /* Frameworks */,
				59AD35EC2AA18F040015558C /* Resources */,
			);
			buildRules = (
			);
			dependencies = (
			);
			name = testBottomSheetinSwiftUI;
			productName = testBottomSheetinSwiftUI;
			productReference = 59AD35EE2AA18F040015558C /* testBottomSheetinSwiftUI.app */;
			productType = "com.apple.product-type.application";
		};
		59AD35FD2AA18F050015558C /* testBottomSheetinSwiftUITests */ = {
			isa = PBXNativeTarget;
			buildConfigurationList = 59AD36152AA18F050015558C /* Build configuration list for PBXNativeTarget "testBottomSheetinSwiftUITests" */;
			buildPhases = (
				59AD35FA2AA18F050015558C /* Sources */,
				59AD35FB2AA18F050015558C /* Frameworks */,
				59AD35FC2AA18F050015558C /* Resources */,
			);
			buildRules = (
			);
			dependencies = (
				59AD36002AA18F050015558C /* PBXTargetDependency */,
			);
			name = testBottomSheetinSwiftUITests;
			productName = testBottomSheetinSwiftUITests;
			productReference = 59AD35FE2AA18F050015558C /* testBottomSheetinSwiftUITests.xctest */;
			productType = "com.apple.product-type.bundle.unit-test";
		};
		59AD36072AA18F050015558C /* testBottomSheetinSwiftUIUITests */ = {
			isa = PBXNativeTarget;
			buildConfigurationList = 59AD36182AA18F050015558C /* Build configuration list for PBXNativeTarget "testBottomSheetinSwiftUIUITests" */;
			buildPhases = (
				59AD36042AA18F050015558C /* Sources */,
				59AD36052AA18F050015558C /* Frameworks */,
				59AD36062AA18F050015558C /* Resources */,
			);
			buildRules = (
			);
			dependencies = (
				59AD360A2AA18F050015558C /* PBXTargetDependency */,
			);
			name = testBottomSheetinSwiftUIUITests;
			productName = testBottomSheetinSwiftUIUITests;
			productReference = 59AD36082AA18F050015558C /* testBottomSheetinSwiftUIUITests.xctest */;
			productType = "com.apple.product-type.bundle.ui-testing";
		};
/* End PBXNativeTarget section */

/* Begin PBXProject section */
		59AD35E62AA18F040015558C /* Project object */ = {
			isa = PBXProject;
			attributes = {
				BuildIndependentTargetsInParallel = 1;
				LastSwiftUpdateCheck = 1430;
				LastUpgradeCheck = 1430;
				TargetAttributes = {
					59AD35ED2AA18F040015558C = {
						CreatedOnToolsVersion = 14.3;
					};
					59AD35FD2AA18F050015558C = {
						CreatedOnToolsVersion = 14.3;
						TestTargetID = 59AD35ED2AA18F040015558C;
					};
					59AD36072AA18F050015558C = {
						CreatedOnToolsVersion = 14.3;
						TestTargetID = 59AD35ED2AA18F040015558C;
					};
				};
			};
			buildConfigurationList = 59AD35E92AA18F040015558C /* Build configuration list for PBXProject "testBottomSheetinSwiftUI" */;
			compatibilityVersion = "Xcode 14.0";
			developmentRegion = en;
			hasScannedForEncodings = 0;
			knownRegions = (
				en,
				Base,
			);
			mainGroup = 59AD35E52AA18F040015558C;
			productRefGroup = 59AD35EF2AA18F040015558C /* Products */;
			projectDirPath = "";
			projectRoot = "";
			targets = (
				59AD35ED2AA18F040015558C /* testBottomSheetinSwiftUI */,
				59AD35FD2AA18F050015558C /* testBottomSheetinSwiftUITests */,
				59AD36072AA18F050015558C /* testBottomSheetinSwiftUIUITests */,
			);
		};
/* End PBXProject section */

/* Begin PBXResourcesBuildPhase section */
		59AD35EC2AA18F040015558C /* Resources */ = {
			isa = PBXResourcesBuildPhase;
			buildActionMask = 2147483647;
			files = (
				59AD35F92AA18F050015558C /* Preview Assets.xcassets in Resources */,
				59AD35F62AA18F050015558C /* Assets.xcassets in Resources */,
			);
			runOnlyForDeploymentPostprocessing = 0;
		};
		59AD35FC2AA18F050015558C /* Resources */ = {
			isa = PBXResourcesBuildPhase;
			buildActionMask = 2147483647;
			files = (
			);
			runOnlyForDeploymentPostprocessing = 0;
		};
		59AD36062AA18F050015558C /* Resources */ = {
			isa = PBXResourcesBuildPhase;
			buildActionMask = 2147483647;
			files = (
			);
			runOnlyForDeploymentPostprocessing = 0;
		};
/* End PBXResourcesBuildPhase section */

/* Begin PBXSourcesBuildPhase section */
		59AD35EA2AA18F040015558C /* Sources */ = {
			isa = PBXSourcesBuildPhase;
			buildActionMask = 2147483647;
			files = (
				59AD35F42AA18F040015558C /* ContentView.swift in Sources */,
				59AD35F22AA18F040015558C /* testBottomSheetinSwiftUIApp.swift in Sources */,
			);
			runOnlyForDeploymentPostprocessing = 0;
		};
		59AD35FA2AA18F050015558C /* Sources */ = {
			isa = PBXSourcesBuildPhase;
			buildActionMask = 2147483647;
			files = (
				59AD36032AA18F050015558C /* testBottomSheetinSwiftUITests.swift in Sources */,
			);
			runOnlyForDeploymentPostprocessing = 0;
		};
		59AD36042AA18F050015558C /* Sources */ = {
			isa = PBXSourcesBuildPhase;
			buildActionMask = 2147483647;
			files = (
				59AD360F2AA18F050015558C /* testBottomSheetinSwiftUIUITestsLaunchTests.swift in Sources */,
				59AD360D2AA18F050015558C /* testBottomSheetinSwiftUIUITests.swift in Sources */,
			);
			runOnlyForDeploymentPostprocessing = 0;
		};
/* End PBXSourcesBuildPhase section */

/* Begin PBXTargetDependency section */
		59AD36002AA18F050015558C /* PBXTargetDependency */ = {
			isa = PBXTargetDependency;
			target = 59AD35ED2AA18F040015558C /* testBottomSheetinSwiftUI */;
			targetProxy = 59AD35FF2AA18F050015558C /* PBXContainerItemProxy */;
		};
		59AD360A2AA18F050015558C /* PBXTargetDependency */ = {
			isa = PBXTargetDependency;
			target = 59AD35ED2AA18F040015558C /* testBottomSheetinSwiftUI */;
			targetProxy = 59AD36092AA18F050015558C /* PBXContainerItemProxy */;
		};
/* End PBXTargetDependency section */

/* Begin XCBuildConfiguration section */
		59AD36102AA18F050015558C /* Debug */ = {
			isa = XCBuildConfiguration;
			buildSettings = {
				ALWAYS_SEARCH_USER_PATHS = NO;
				CLANG_ANALYZER_NONNULL = YES;
				CLANG_ANALYZER_NUMBER_OBJECT_CONVERSION = YES_AGGRESSIVE;
				CLANG_CXX_LANGUAGE_STANDARD = "gnu++20";
				CLANG_ENABLE_MODULES = YES;
				CLANG_ENABLE_OBJC_ARC = YES;
				CLANG_ENABLE_OBJC_WEAK = YES;
				CLANG_WARN_BLOCK_CAPTURE_AUTORELEASING = YES;
				CLANG_WARN_BOOL_CONVERSION = YES;
				CLANG_WARN_COMMA = YES;
				CLANG_WARN_CONSTANT_CONVERSION = YES;
				CLANG_WARN_DEPRECATED_OBJC_IMPLEMENTATIONS = YES;
				CLANG_WARN_DIRECT_OBJC_ISA_USAGE = YES_ERROR;
				CLANG_WARN_DOCUMENTATION_COMMENTS = YES;
				CLANG_WARN_EMPTY_BODY = YES;
				CLANG_WARN_ENUM_CONVERSION = YES;
				CLANG_WARN_INFINITE_RECURSION = YES;
				CLANG_WARN_INT_CONVERSION = YES;
				CLANG_WARN_NON_LITERAL_NULL_CONVERSION = YES;
				CLANG_WARN_OBJC_IMPLICIT_RETAIN_SELF = YES;
				CLANG_WARN_OBJC_LITERAL_CONVERSION = YES;
				CLANG_WARN_OBJC_ROOT_CLASS = YES_ERROR;
				CLANG_WARN_QUOTED_INCLUDE_IN_FRAMEWORK_HEADER = YES;
				CLANG_WARN_RANGE_LOOP_ANALYSIS = YES;
				CLANG_WARN_STRICT_PROTOTYPES = YES;
				CLANG_WARN_SUSPICIOUS_MOVE = YES;
				CLANG_WARN_UNGUARDED_AVAILABILITY = YES_AGGRESSIVE;
				CLANG_WARN_UNREACHABLE_CODE = YES;
				CLANG_WARN__DUPLICATE_METHOD_MATCH = YES;
				COPY_PHASE_STRIP = NO;
				DEBUG_INFORMATION_FORMAT = dwarf;
				ENABLE_STRICT_OBJC_MSGSEND = YES;
				ENABLE_TESTABILITY = YES;
				GCC_C_LANGUAGE_STANDARD = gnu11;
				GCC_DYNAMIC_NO_PIC = NO;
				GCC_NO_COMMON_BLOCKS = YES;
				GCC_OPTIMIZATION_LEVEL = 0;
				GCC_PREPROCESSOR_DEFINITIONS = (
					"DEBUG=1",
					"$(inherited)",
				);
				GCC_WARN_64_TO_32_BIT_CONVERSION = YES;
				GCC_WARN_ABOUT_RETURN_TYPE = YES_ERROR;
				GCC_WARN_UNDECLARED_SELECTOR = YES;
				GCC_WARN_UNINITIALIZED_AUTOS = YES_AGGRESSIVE;
				GCC_WARN_UNUSED_FUNCTION = YES;
				GCC_WARN_UNUSED_VARIABLE = YES;
				IPHONEOS_DEPLOYMENT_TARGET = 16.4;
				MTL_ENABLE_DEBUG_INFO = INCLUDE_SOURCE;
				MTL_FAST_MATH = YES;
				ONLY_ACTIVE_ARCH = YES;
				SDKROOT = iphoneos;
				SWIFT_ACTIVE_COMPILATION_CONDITIONS = DEBUG;
				SWIFT_OPTIMIZATION_LEVEL = "-Onone";
			};
			name = Debug;
		};
		59AD36112AA18F050015558C /* Release */ = {
			isa = XCBuildConfiguration;
			buildSettings = {
				ALWAYS_SEARCH_USER_PATHS = NO;
				CLANG_ANALYZER_NONNULL = YES;
				CLANG_ANALYZER_NUMBER_OBJECT_CONVERSION = YES_AGGRESSIVE;
				CLANG_CXX_LANGUAGE_STANDARD = "gnu++20";
				CLANG_ENABLE_MODULES = YES;
				CLANG_ENABLE_OBJC_ARC = YES;
				CLANG_ENABLE_OBJC_WEAK = YES;
				CLANG_WARN_BLOCK_CAPTURE_AUTORELEASING = YES;
				CLANG_WARN_BOOL_CONVERSION = YES;
				CLANG_WARN_COMMA = YES;
				CLANG_WARN_CONSTANT_CONVERSION = YES;
				CLANG_WARN_DEPRECATED_OBJC_IMPLEMENTATIONS = YES;
				CLANG_WARN_DIRECT_OBJC_ISA_USAGE = YES_ERROR;
				CLANG_WARN_DOCUMENTATION_COMMENTS = YES;
				CLANG_WARN_EMPTY_BODY = YES;
				CLANG_WARN_ENUM_CONVERSION = YES;
				CLANG_WARN_INFINITE_RECURSION = YES;
				CLANG_WARN_INT_CONVERSION = YES;
				CLANG_WARN_NON_LITERAL_NULL_CONVERSION = YES;
				CLANG_WARN_OBJC_IMPLICIT_RETAIN_SELF = YES;
				CLANG_WARN_OBJC_LITERAL_CONVERSION = YES;
				CLANG_WARN_OBJC_ROOT_CLASS = YES_ERROR;
				CLANG_WARN_QUOTED_INCLUDE_IN_FRAMEWORK_HEADER = YES;
				CLANG_WARN_RANGE_LOOP_ANALYSIS = YES;
				CLANG_WARN_STRICT_PROTOTYPES = YES;
				CLANG_WARN_SUSPICIOUS_MOVE = YES;
				CLANG_WARN_UNGUARDED_AVAILABILITY = YES_AGGRESSIVE;
				CLANG_WARN_UNREACHABLE_CODE = YES;
				CLANG_WARN__DUPLICATE_METHOD_MATCH = YES;
				COPY_PHASE_STRIP = NO;
				DEBUG_INFORMATION_FORMAT = "dwarf-with-dsym";
				ENABLE_NS_ASSERTIONS = NO;
				ENABLE_STRICT_OBJC_MSGSEND = YES;
				GCC_C_LANGUAGE_STANDARD = gnu11;
				GCC_NO_COMMON_BLOCKS = YES;
				GCC_WARN_64_TO_32_BIT_CONVERSION = YES;
				GCC_WARN_ABOUT_RETURN_TYPE = YES_ERROR;
				GCC_WARN_UNDECLARED_SELECTOR = YES;
				GCC_WARN_UNINITIALIZED_AUTOS = YES_AGGRESSIVE;
				GCC_WARN_UNUSED_FUNCTION = YES;
				GCC_WARN_UNUSED_VARIABLE = YES;
				IPHONEOS_DEPLOYMENT_TARGET = 16.4;
				MTL_ENABLE_DEBUG_INFO = NO;
				MTL_FAST_MATH = YES;
				SDKROOT = iphoneos;
				SWIFT_COMPILATION_MODE = wholemodule;
				SWIFT_OPTIMIZATION_LEVEL = "-O";
				VALIDATE_PRODUCT = YES;
			};
			name = Release;
		};
		59AD36132AA18F050015558C /* Debug */ = {
			isa = XCBuildConfiguration;
			buildSettings = {
				ASSETCATALOG_COMPILER_APPICON_NAME = AppIcon;
				ASSETCATALOG_COMPILER_GLOBAL_ACCENT_COLOR_NAME = AccentColor;
				CODE_SIGN_STYLE = Automatic;
				CURRENT_PROJECT_VERSION = 1;
				DEVELOPMENT_ASSET_PATHS = "\"testBottomSheetinSwiftUI/Preview Content\"";
				DEVELOPMENT_TEAM = UM4ZKH8HWF;
				ENABLE_PREVIEWS = YES;
				GENERATE_INFOPLIST_FILE = YES;
				INFOPLIST_KEY_UIApplicationSceneManifest_Generation = YES;
				INFOPLIST_KEY_UIApplicationSupportsIndirectInputEvents = YES;
				INFOPLIST_KEY_UILaunchScreen_Generation = YES;
				INFOPLIST_KEY_UISupportedInterfaceOrientations_iPad = "UIInterfaceOrientationPortrait UIInterfaceOrientationPortraitUpsideDown UIInterfaceOrientationLandscapeLeft UIInterfaceOrientationLandscapeRight";
				INFOPLIST_KEY_UISupportedInterfaceOrientations_iPhone = "UIInterfaceOrientationPortrait UIInterfaceOrientationLandscapeLeft UIInterfaceOrientationLandscapeRight";
				LD_RUNPATH_SEARCH_PATHS = (
					"$(inherited)",
					"@executable_path/Frameworks",
				);
				MARKETING_VERSION = 1.0;
				PRODUCT_BUNDLE_IDENTIFIER = com.cliffproject.testBottomSheetinSwiftUI;
				PRODUCT_NAME = "$(TARGET_NAME)";
				SWIFT_EMIT_LOC_STRINGS = YES;
				SWIFT_VERSION = 5.0;
				TARGETED_DEVICE_FAMILY = "1,2";
			};
			name = Debug;
		};
		59AD36142AA18F050015558C /* Release */ = {
			isa = XCBuildConfiguration;
			buildSettings = {
				ASSETCATALOG_COMPILER_APPICON_NAME = AppIcon;
				ASSETCATALOG_COMPILER_GLOBAL_ACCENT_COLOR_NAME = AccentColor;
				CODE_SIGN_STYLE = Automatic;
				CURRENT_PROJECT_VERSION = 1;
				DEVELOPMENT_ASSET_PATHS = "\"testBottomSheetinSwiftUI/Preview Content\"";
				DEVELOPMENT_TEAM = UM4ZKH8HWF;
				ENABLE_PREVIEWS = YES;
				GENERATE_INFOPLIST_FILE = YES;
				INFOPLIST_KEY_UIApplicationSceneManifest_Generation = YES;
				INFOPLIST_KEY_UIApplicationSupportsIndirectInputEvents = YES;
				INFOPLIST_KEY_UILaunchScreen_Generation = YES;
				INFOPLIST_KEY_UISupportedInterfaceOrientations_iPad = "UIInterfaceOrientationPortrait UIInterfaceOrientationPortraitUpsideDown UIInterfaceOrientationLandscapeLeft UIInterfaceOrientationLandscapeRight";
				INFOPLIST_KEY_UISupportedInterfaceOrientations_iPhone = "UIInterfaceOrientationPortrait UIInterfaceOrientationLandscapeLeft UIInterfaceOrientationLandscapeRight";
				LD_RUNPATH_SEARCH_PATHS = (
					"$(inherited)",
					"@executable_path/Frameworks",
				);
				MARKETING_VERSION = 1.0;
				PRODUCT_BUNDLE_IDENTIFIER = com.cliffproject.testBottomSheetinSwiftUI;
				PRODUCT_NAME = "$(TARGET_NAME)";
				SWIFT_EMIT_LOC_STRINGS = YES;
				SWIFT_VERSION = 5.0;
				TARGETED_DEVICE_FAMILY = "1,2";
			};
			name = Release;
		};
		59AD36162AA18F050015558C /* Debug */ = {
			isa = XCBuildConfiguration;
			buildSettings = {
				ALWAYS_EMBED_SWIFT_STANDARD_LIBRARIES = YES;
				BUNDLE_LOADER = "$(TEST_HOST)";
				CODE_SIGN_STYLE = Automatic;
				CURRENT_PROJECT_VERSION = 1;
				DEVELOPMENT_TEAM = UM4ZKH8HWF;
				GENERATE_INFOPLIST_FILE = YES;
				IPHONEOS_DEPLOYMENT_TARGET = 16.4;
				MARKETING_VERSION = 1.0;
				PRODUCT_BUNDLE_IDENTIFIER = com.cliffproject.testBottomSheetinSwiftUITests;
				PRODUCT_NAME = "$(TARGET_NAME)";
				SWIFT_EMIT_LOC_STRINGS = NO;
				SWIFT_VERSION = 5.0;
				TARGETED_DEVICE_FAMILY = "1,2";
				TEST_HOST = "$(BUILT_PRODUCTS_DIR)/testBottomSheetinSwiftUI.app/$(BUNDLE_EXECUTABLE_FOLDER_PATH)/testBottomSheetinSwiftUI";
			};
			name = Debug;
		};
		59AD36172AA18F050015558C /* Release */ = {
			isa = XCBuildConfiguration;
			buildSettings = {
				ALWAYS_EMBED_SWIFT_STANDARD_LIBRARIES = YES;
				BUNDLE_LOADER = "$(TEST_HOST)";
				CODE_SIGN_STYLE = Automatic;
				CURRENT_PROJECT_VERSION = 1;
				DEVELOPMENT_TEAM = UM4ZKH8HWF;
				GENERATE_INFOPLIST_FILE = YES;
				IPHONEOS_DEPLOYMENT_TARGET = 16.4;
				MARKETING_VERSION = 1.0;
				PRODUCT_BUNDLE_IDENTIFIER = com.cliffproject.testBottomSheetinSwiftUITests;
				PRODUCT_NAME = "$(TARGET_NAME)";
				SWIFT_EMIT_LOC_STRINGS = NO;
				SWIFT_VERSION = 5.0;
				TARGETED_DEVICE_FAMILY = "1,2";
				TEST_HOST = "$(BUILT_PRODUCTS_DIR)/testBottomSheetinSwiftUI.app/$(BUNDLE_EXECUTABLE_FOLDER_PATH)/testBottomSheetinSwiftUI";
			};
			name = Release;
		};
		59AD36192AA18F050015558C /* Debug */ = {
			isa = XCBuildConfiguration;
			buildSettings = {
				ALWAYS_EMBED_SWIFT_STANDARD_LIBRARIES = YES;
				CODE_SIGN_STYLE = Automatic;
				CURRENT_PROJECT_VERSION = 1;
				DEVELOPMENT_TEAM = UM4ZKH8HWF;
				GENERATE_INFOPLIST_FILE = YES;
				MARKETING_VERSION = 1.0;
				PRODUCT_BUNDLE_IDENTIFIER = com.cliffproject.testBottomSheetinSwiftUIUITests;
				PRODUCT_NAME = "$(TARGET_NAME)";
				SWIFT_EMIT_LOC_STRINGS = NO;
				SWIFT_VERSION = 5.0;
				TARGETED_DEVICE_FAMILY = "1,2";
				TEST_TARGET_NAME = testBottomSheetinSwiftUI;
			};
			name = Debug;
		};
		59AD361A2AA18F050015558C /* Release */ = {
			isa = XCBuildConfiguration;
			buildSettings = {
				ALWAYS_EMBED_SWIFT_STANDARD_LIBRARIES = YES;
				CODE_SIGN_STYLE = Automatic;
				CURRENT_PROJECT_VERSION = 1;
				DEVELOPMENT_TEAM = UM4ZKH8HWF;
				GENERATE_INFOPLIST_FILE = YES;
				MARKETING_VERSION = 1.0;
				PRODUCT_BUNDLE_IDENTIFIER = com.cliffproject.testBottomSheetinSwiftUIUITests;
				PRODUCT_NAME = "$(TARGET_NAME)";
				SWIFT_EMIT_LOC_STRINGS = NO;
				SWIFT_VERSION = 5.0;
				TARGETED_DEVICE_FAMILY = "1,2";
				TEST_TARGET_NAME = testBottomSheetinSwiftUI;
			};
			name = Release;
		};
/* End XCBuildConfiguration section */

/* Begin XCConfigurationList section */
		59AD35E92AA18F040015558C /* Build configuration list for PBXProject "testBottomSheetinSwiftUI" */ = {
			isa = XCConfigurationList;
			buildConfigurations = (
				59AD36102AA18F050015558C /* Debug */,
				59AD36112AA18F050015558C /* Release */,
			);
			defaultConfigurationIsVisible = 0;
			defaultConfigurationName = Release;
		};
		59AD36122AA18F050015558C /* Build configuration list for PBXNativeTarget "testBottomSheetinSwiftUI" */ = {
			isa = XCConfigurationList;
			buildConfigurations = (
				59AD36132AA18F050015558C /* Debug */,
				59AD36142AA18F050015558C /* Release */,
			);
			defaultConfigurationIsVisible = 0;
			defaultConfigurationName = Release;
		};
		59AD36152AA18F050015558C /* Build configuration list for PBXNativeTarget "testBottomSheetinSwiftUITests" */ = {
			isa = XCConfigurationList;
			buildConfigurations = (
				59AD36162AA18F050015558C /* Debug */,
				59AD36172AA18F050015558C /* Release */,
			);
			defaultConfigurationIsVisible = 0;
			defaultConfigurationName = Release;
		};
		59AD36182AA18F050015558C /* Build configuration list for PBXNativeTarget "testBottomSheetinSwiftUIUITests" */ = {
			isa = XCConfigurationList;
			buildConfigurations = (
				59AD36192AA18F050015558C /* Debug */,
				59AD361A2AA18F050015558C /* Release */,
			);
			defaultConfigurationIsVisible = 0;
			defaultConfigurationName = Release;
		};
/* End XCConfigurationList section */
	};
	rootObject = 59AD35E62AA18F040015558C /* Project object */;
}
